// !$*UTF8*$!
{
	archiveVersion = 1;
	classes = {
	};
	objectVersion = 46;
	objects = {

/* Begin PBXBuildFile section */
		D47183781958980100B6F360 /* AppDelegate.swift in Sources */ = {isa = PBXBuildFile; fileRef = D47183771958980100B6F360 /* AppDelegate.swift */; };
		D471837A1958980100B6F360 /* ViewController.swift in Sources */ = {isa = PBXBuildFile; fileRef = D47183791958980100B6F360 /* ViewController.swift */; };
		D471837D1958980100B6F360 /* Main.storyboard in Resources */ = {isa = PBXBuildFile; fileRef = D471837B1958980100B6F360 /* Main.storyboard */; };
		D471837F1958980100B6F360 /* Images.xcassets in Resources */ = {isa = PBXBuildFile; fileRef = D471837E1958980100B6F360 /* Images.xcassets */; };
		D471838B1958980200B6F360 /* SampleAppTests.swift in Sources */ = {isa = PBXBuildFile; fileRef = D471838A1958980200B6F360 /* SampleAppTests.swift */; };
		D47183961958985200B6F360 /* Pyish.swift in Sources */ = {isa = PBXBuildFile; fileRef = D47183951958985200B6F360 /* Pyish.swift */; };
		D47183971958985200B6F360 /* Pyish.swift in Sources */ = {isa = PBXBuildFile; fileRef = D47183951958985200B6F360 /* Pyish.swift */; };
		D4BC08C91958AC6800637A89 /* PyishString.swift in Sources */ = {isa = PBXBuildFile; fileRef = D4BC08C81958AC6800637A89 /* PyishString.swift */; };
		D4BC08CB1958ACBD00637A89 /* PyishNumber.swift in Sources */ = {isa = PBXBuildFile; fileRef = D4BC08CA1958ACBD00637A89 /* PyishNumber.swift */; };
		D4BC08CC1958AFFE00637A89 /* PyishString.swift in Sources */ = {isa = PBXBuildFile; fileRef = D4BC08C81958AC6800637A89 /* PyishString.swift */; };
		D4BC08CD1958B00100637A89 /* PyishNumber.swift in Sources */ = {isa = PBXBuildFile; fileRef = D4BC08CA1958ACBD00637A89 /* PyishNumber.swift */; };
/* End PBXBuildFile section */

/* Begin PBXContainerItemProxy section */
		D47183851958980200B6F360 /* PBXContainerItemProxy */ = {
			isa = PBXContainerItemProxy;
			containerPortal = D471836A1958980100B6F360 /* Project object */;
			proxyType = 1;
			remoteGlobalIDString = D47183711958980100B6F360;
			remoteInfo = SampleApp;
		};
/* End PBXContainerItemProxy section */

/* Begin PBXFileReference section */
		D47183721958980100B6F360 /* SampleApp.app */ = {isa = PBXFileReference; explicitFileType = wrapper.application; includeInIndex = 0; path = SampleApp.app; sourceTree = BUILT_PRODUCTS_DIR; };
		D47183761958980100B6F360 /* Info.plist */ = {isa = PBXFileReference; lastKnownFileType = text.plist.xml; path = Info.plist; sourceTree = "<group>"; };
		D47183771958980100B6F360 /* AppDelegate.swift */ = {isa = PBXFileReference; lastKnownFileType = sourcecode.swift; path = AppDelegate.swift; sourceTree = "<group>"; };
		D47183791958980100B6F360 /* ViewController.swift */ = {isa = PBXFileReference; lastKnownFileType = sourcecode.swift; path = ViewController.swift; sourceTree = "<group>"; };
		D471837C1958980100B6F360 /* Base */ = {isa = PBXFileReference; lastKnownFileType = file.storyboard; name = Base; path = Base.lproj/Main.storyboard; sourceTree = "<group>"; };
		D471837E1958980100B6F360 /* Images.xcassets */ = {isa = PBXFileReference; lastKnownFileType = folder.assetcatalog; path = Images.xcassets; sourceTree = "<group>"; };
		D47183841958980200B6F360 /* SampleAppTests.xctest */ = {isa = PBXFileReference; explicitFileType = wrapper.cfbundle; includeInIndex = 0; path = SampleAppTests.xctest; sourceTree = BUILT_PRODUCTS_DIR; };
		D47183891958980200B6F360 /* Info.plist */ = {isa = PBXFileReference; lastKnownFileType = text.plist.xml; path = Info.plist; sourceTree = "<group>"; };
		D471838A1958980200B6F360 /* SampleAppTests.swift */ = {isa = PBXFileReference; lastKnownFileType = sourcecode.swift; path = SampleAppTests.swift; sourceTree = "<group>"; };
		D47183951958985200B6F360 /* Pyish.swift */ = {isa = PBXFileReference; fileEncoding = 4; lastKnownFileType = sourcecode.swift; path = Pyish.swift; sourceTree = "<group>"; };
		D4BC08C81958AC6800637A89 /* PyishString.swift */ = {isa = PBXFileReference; fileEncoding = 4; lastKnownFileType = sourcecode.swift; path = PyishString.swift; sourceTree = "<group>"; };
		D4BC08CA1958ACBD00637A89 /* PyishNumber.swift */ = {isa = PBXFileReference; fileEncoding = 4; lastKnownFileType = sourcecode.swift; path = PyishNumber.swift; sourceTree = "<group>"; };
/* End PBXFileReference section */

/* Begin PBXFrameworksBuildPhase section */
		D471836F1958980100B6F360 /* Frameworks */ = {
			isa = PBXFrameworksBuildPhase;
			buildActionMask = 2147483647;
			files = (
			);
			runOnlyForDeploymentPostprocessing = 0;
		};
		D47183811958980100B6F360 /* Frameworks */ = {
			isa = PBXFrameworksBuildPhase;
			buildActionMask = 2147483647;
			files = (
			);
			runOnlyForDeploymentPostprocessing = 0;
		};
/* End PBXFrameworksBuildPhase section */

/* Begin PBXGroup section */
		D47183691958980100B6F360 = {
			isa = PBXGroup;
			children = (
				D47183941958985200B6F360 /* pyish */,
				D47183741958980100B6F360 /* SampleApp */,
				D47183871958980200B6F360 /* SampleAppTests */,
				D47183731958980100B6F360 /* Products */,
			);
			sourceTree = "<group>";
		};
		D47183731958980100B6F360 /* Products */ = {
			isa = PBXGroup;
			children = (
				D47183721958980100B6F360 /* SampleApp.app */,
				D47183841958980200B6F360 /* SampleAppTests.xctest */,
			);
			name = Products;
			sourceTree = "<group>";
		};
		D47183741958980100B6F360 /* SampleApp */ = {
			isa = PBXGroup;
			children = (
				D47183771958980100B6F360 /* AppDelegate.swift */,
				D47183791958980100B6F360 /* ViewController.swift */,
				D471837B1958980100B6F360 /* Main.storyboard */,
				D471837E1958980100B6F360 /* Images.xcassets */,
				D47183751958980100B6F360 /* Supporting Files */,
			);
			path = SampleApp;
			sourceTree = "<group>";
		};
		D47183751958980100B6F360 /* Supporting Files */ = {
			isa = PBXGroup;
			children = (
				D47183761958980100B6F360 /* Info.plist */,
			);
			name = "Supporting Files";
			sourceTree = "<group>";
		};
		D47183871958980200B6F360 /* SampleAppTests */ = {
			isa = PBXGroup;
			children = (
				D471838A1958980200B6F360 /* SampleAppTests.swift */,
				D47183881958980200B6F360 /* Supporting Files */,
			);
			path = SampleAppTests;
			sourceTree = "<group>";
		};
		D47183881958980200B6F360 /* Supporting Files */ = {
			isa = PBXGroup;
			children = (
				D47183891958980200B6F360 /* Info.plist */,
			);
			name = "Supporting Files";
			sourceTree = "<group>";
		};
		D47183941958985200B6F360 /* pyish */ = {
			isa = PBXGroup;
			children = (
				D47183951958985200B6F360 /* Pyish.swift */,
				D4BC08C81958AC6800637A89 /* PyishString.swift */,
				D4BC08CA1958ACBD00637A89 /* PyishNumber.swift */,
			);
			path = pyish;
			sourceTree = "<group>";
		};
/* End PBXGroup section */

/* Begin PBXNativeTarget section */
		D47183711958980100B6F360 /* SampleApp */ = {
			isa = PBXNativeTarget;
			buildConfigurationList = D471838E1958980200B6F360 /* Build configuration list for PBXNativeTarget "SampleApp" */;
			buildPhases = (
				D471836E1958980100B6F360 /* Sources */,
				D471836F1958980100B6F360 /* Frameworks */,
				D47183701958980100B6F360 /* Resources */,
			);
			buildRules = (
			);
			dependencies = (
			);
			name = SampleApp;
			productName = SampleApp;
			productReference = D47183721958980100B6F360 /* SampleApp.app */;
			productType = "com.apple.product-type.application";
		};
		D47183831958980100B6F360 /* SampleAppTests */ = {
			isa = PBXNativeTarget;
			buildConfigurationList = D47183911958980200B6F360 /* Build configuration list for PBXNativeTarget "SampleAppTests" */;
			buildPhases = (
				D47183801958980100B6F360 /* Sources */,
				D47183811958980100B6F360 /* Frameworks */,
				D47183821958980100B6F360 /* Resources */,
			);
			buildRules = (
			);
			dependencies = (
				D47183861958980200B6F360 /* PBXTargetDependency */,
			);
			name = SampleAppTests;
			productName = SampleAppTests;
			productReference = D47183841958980200B6F360 /* SampleAppTests.xctest */;
			productType = "com.apple.product-type.bundle.unit-test";
		};
/* End PBXNativeTarget section */

/* Begin PBXProject section */
		D471836A1958980100B6F360 /* Project object */ = {
			isa = PBXProject;
			attributes = {
				LastUpgradeCheck = 0600;
				ORGANIZATIONNAME = "Weizhong Yang";
				TargetAttributes = {
					D47183711958980100B6F360 = {
						CreatedOnToolsVersion = 6.0;
					};
					D47183831958980100B6F360 = {
						CreatedOnToolsVersion = 6.0;
						TestTargetID = D47183711958980100B6F360;
					};
				};
			};
			buildConfigurationList = D471836D1958980100B6F360 /* Build configuration list for PBXProject "SampleApp" */;
			compatibilityVersion = "Xcode 3.2";
			developmentRegion = English;
			hasScannedForEncodings = 0;
			knownRegions = (
				en,
				Base,
			);
			mainGroup = D47183691958980100B6F360;
			productRefGroup = D47183731958980100B6F360 /* Products */;
			projectDirPath = "";
			projectRoot = "";
			targets = (
				D47183711958980100B6F360 /* SampleApp */,
				D47183831958980100B6F360 /* SampleAppTests */,
			);
		};
/* End PBXProject section */

/* Begin PBXResourcesBuildPhase section */
		D47183701958980100B6F360 /* Resources */ = {
			isa = PBXResourcesBuildPhase;
			buildActionMask = 2147483647;
			files = (
				D471837D1958980100B6F360 /* Main.storyboard in Resources */,
				D471837F1958980100B6F360 /* Images.xcassets in Resources */,
			);
			runOnlyForDeploymentPostprocessing = 0;
		};
		D47183821958980100B6F360 /* Resources */ = {
			isa = PBXResourcesBuildPhase;
			buildActionMask = 2147483647;
			files = (
			);
			runOnlyForDeploymentPostprocessing = 0;
		};
/* End PBXResourcesBuildPhase section */

/* Begin PBXSourcesBuildPhase section */
		D471836E1958980100B6F360 /* Sources */ = {
			isa = PBXSourcesBuildPhase;
			buildActionMask = 2147483647;
			files = (
				D4BC08C91958AC6800637A89 /* PyishString.swift in Sources */,
				D47183961958985200B6F360 /* Pyish.swift in Sources */,
				D4BC08CB1958ACBD00637A89 /* PyishNumber.swift in Sources */,
				D471837A1958980100B6F360 /* ViewController.swift in Sources */,
				D47183781958980100B6F360 /* AppDelegate.swift in Sources */,
			);
			runOnlyForDeploymentPostprocessing = 0;
		};
		D47183801958980100B6F360 /* Sources */ = {
			isa = PBXSourcesBuildPhase;
			buildActionMask = 2147483647;
			files = (
				D4BC08CC1958AFFE00637A89 /* PyishString.swift in Sources */,
				D471838B1958980200B6F360 /* SampleAppTests.swift in Sources */,
				D4BC08CD1958B00100637A89 /* PyishNumber.swift in Sources */,
				D47183971958985200B6F360 /* Pyish.swift in Sources */,
			);
			runOnlyForDeploymentPostprocessing = 0;
		};
/* End PBXSourcesBuildPhase section */

/* Begin PBXTargetDependency section */
		D47183861958980200B6F360 /* PBXTargetDependency */ = {
			isa = PBXTargetDependency;
			target = D47183711958980100B6F360 /* SampleApp */;
			targetProxy = D47183851958980200B6F360 /* PBXContainerItemProxy */;
		};
/* End PBXTargetDependency section */

/* Begin PBXVariantGroup section */
		D471837B1958980100B6F360 /* Main.storyboard */ = {
			isa = PBXVariantGroup;
			children = (
				D471837C1958980100B6F360 /* Base */,
			);
			name = Main.storyboard;
			sourceTree = "<group>";
		};
/* End PBXVariantGroup section */

/* Begin XCBuildConfiguration section */
		D471838C1958980200B6F360 /* Debug */ = {
			isa = XCBuildConfiguration;
			buildSettings = {
				ALWAYS_SEARCH_USER_PATHS = NO;
				CLANG_CXX_LANGUAGE_STANDARD = "gnu++0x";
				CLANG_CXX_LIBRARY = "libc++";
				CLANG_ENABLE_MODULES = YES;
				CLANG_ENABLE_OBJC_ARC = YES;
				CLANG_WARN_BOOL_CONVERSION = YES;
				CLANG_WARN_CONSTANT_CONVERSION = YES;
				CLANG_WARN_DIRECT_OBJC_ISA_USAGE = YES_ERROR;
				CLANG_WARN_EMPTY_BODY = YES;
				CLANG_WARN_ENUM_CONVERSION = YES;
				CLANG_WARN_INT_CONVERSION = YES;
				CLANG_WARN_OBJC_ROOT_CLASS = YES_ERROR;
				CLANG_WARN_UNREACHABLE_CODE = YES;
				CLANG_WARN__DUPLICATE_METHOD_MATCH = YES;
				"CODE_SIGN_IDENTITY[sdk=iphoneos*]" = "iPhone Developer";
				COPY_PHASE_STRIP = NO;
				ENABLE_STRICT_OBJC_MSGSEND = YES;
				GCC_C_LANGUAGE_STANDARD = gnu99;
				GCC_DYNAMIC_NO_PIC = NO;
				GCC_OPTIMIZATION_LEVEL = 0;
				GCC_PREPROCESSOR_DEFINITIONS = (
					"DEBUG=1",
					"$(inherited)",
				);
				GCC_SYMBOLS_PRIVATE_EXTERN = NO;
				GCC_WARN_64_TO_32_BIT_CONVERSION = YES;
				GCC_WARN_ABOUT_RETURN_TYPE = YES_ERROR;
				GCC_WARN_UNDECLARED_SELECTOR = YES;
				GCC_WARN_UNINITIALIZED_AUTOS = YES_AGGRESSIVE;
				GCC_WARN_UNUSED_FUNCTION = YES;
				GCC_WARN_UNUSED_VARIABLE = YES;
				IPHONEOS_DEPLOYMENT_TARGET = 8.0;
				METAL_ENABLE_DEBUG_INFO = YES;
				ONLY_ACTIVE_ARCH = YES;
				SDKROOT = iphoneos;
				SWIFT_OPTIMIZATION_LEVEL = "-Onone";
			};
			name = Debug;
		};
		D471838D1958980200B6F360 /* Release */ = {
			isa = XCBuildConfiguration;
			buildSettings = {
				ALWAYS_SEARCH_USER_PATHS = NO;
				CLANG_CXX_LANGUAGE_STANDARD = "gnu++0x";
				CLANG_CXX_LIBRARY = "libc++";
				CLANG_ENABLE_MODULES = YES;
				CLANG_ENABLE_OBJC_ARC = YES;
				CLANG_WARN_BOOL_CONVERSION = YES;
				CLANG_WARN_CONSTANT_CONVERSION = YES;
				CLANG_WARN_DIRECT_OBJC_ISA_USAGE = YES_ERROR;
				CLANG_WARN_EMPTY_BODY = YES;
				CLANG_WARN_ENUM_CONVERSION = YES;
				CLANG_WARN_INT_CONVERSION = YES;
				CLANG_WARN_OBJC_ROOT_CLASS = YES_ERROR;
				CLANG_WARN_UNREACHABLE_CODE = YES;
				CLANG_WARN__DUPLICATE_METHOD_MATCH = YES;
				"CODE_SIGN_IDENTITY[sdk=iphoneos*]" = "iPhone Developer";
				COPY_PHASE_STRIP = YES;
				ENABLE_NS_ASSERTIONS = NO;
				ENABLE_STRICT_OBJC_MSGSEND = YES;
				GCC_C_LANGUAGE_STANDARD = gnu99;
				GCC_WARN_64_TO_32_BIT_CONVERSION = YES;
				GCC_WARN_ABOUT_RETURN_TYPE = YES_ERROR;
				GCC_WARN_UNDECLARED_SELECTOR = YES;
				GCC_WARN_UNINITIALIZED_AUTOS = YES_AGGRESSIVE;
				GCC_WARN_UNUSED_FUNCTION = YES;
				GCC_WARN_UNUSED_VARIABLE = YES;
				IPHONEOS_DEPLOYMENT_TARGET = 8.0;
				METAL_ENABLE_DEBUG_INFO = NO;
				SDKROOT = iphoneos;
				VALIDATE_PRODUCT = YES;
			};
			name = Release;
		};
		D471838F1958980200B6F360 /* Debug */ = {
			isa = XCBuildConfiguration;
			buildSettings = {
				ASSETCATALOG_COMPILER_APPICON_NAME = AppIcon;
				ASSETCATALOG_COMPILER_LAUNCHIMAGE_NAME = LaunchImage;
				INFOPLIST_FILE = SampleApp/Info.plist;
				LD_RUNPATH_SEARCH_PATHS = "$(inherited) @executable_path/Frameworks";
				PRODUCT_NAME = "$(TARGET_NAME)";
			};
			name = Debug;
		};
		D47183901958980200B6F360 /* Release */ = {
			isa = XCBuildConfiguration;
			buildSettings = {
				ASSETCATALOG_COMPILER_APPICON_NAME = AppIcon;
				ASSETCATALOG_COMPILER_LAUNCHIMAGE_NAME = LaunchImage;
				INFOPLIST_FILE = SampleApp/Info.plist;
				LD_RUNPATH_SEARCH_PATHS = "$(inherited) @executable_path/Frameworks";
				PRODUCT_NAME = "$(TARGET_NAME)";
			};
			name = Release;
		};
		D47183921958980200B6F360 /* Debug */ = {
			isa = XCBuildConfiguration;
			buildSettings = {
				BUNDLE_LOADER = "$(BUILT_PRODUCTS_DIR)/SampleApp.app/SampleApp";
				FRAMEWORK_SEARCH_PATHS = (
					"$(SDKROOT)/Developer/Library/Frameworks",
					"$(inherited)",
				);
				GCC_PREPROCESSOR_DEFINITIONS = (
					"DEBUG=1",
					"$(inherited)",
				);
				INFOPLIST_FILE = SampleAppTests/Info.plist;
				LD_RUNPATH_SEARCH_PATHS = "$(inherited) @executable_path/Frameworks @loader_path/Frameworks";
				METAL_ENABLE_DEBUG_INFO = YES;
				PRODUCT_NAME = "$(TARGET_NAME)";
				TEST_HOST = "$(BUNDLE_LOADER)";
			};
			name = Debug;
		};
		D47183931958980200B6F360 /* Release */ = {
			isa = XCBuildConfiguration;
			buildSettings = {
				BUNDLE_LOADER = "$(BUILT_PRODUCTS_DIR)/SampleApp.app/SampleApp";
				FRAMEWORK_SEARCH_PATHS = (
					"$(SDKROOT)/Developer/Library/Frameworks",
					"$(inherited)",
				);
				INFOPLIST_FILE = SampleAppTests/Info.plist;
				LD_RUNPATH_SEARCH_PATHS = "$(inherited) @executable_path/Frameworks @loader_path/Frameworks";
				METAL_ENABLE_DEBUG_INFO = NO;
				PRODUCT_NAME = "$(TARGET_NAME)";
				TEST_HOST = "$(BUNDLE_LOADER)";
			};
			name = Release;
		};
/* End XCBuildConfiguration section */

/* Begin XCConfigurationList section */
		D471836D1958980100B6F360 /* Build configuration list for PBXProject "SampleApp" */ = {
			isa = XCConfigurationList;
			buildConfigurations = (
				D471838C1958980200B6F360 /* Debug */,
				D471838D1958980200B6F360 /* Release */,
			);
			defaultConfigurationIsVisible = 0;
			defaultConfigurationName = Release;
		};
		D471838E1958980200B6F360 /* Build configuration list for PBXNativeTarget "SampleApp" */ = {
			isa = XCConfigurationList;
			buildConfigurations = (
				D471838F1958980200B6F360 /* Debug */,
				D47183901958980200B6F360 /* Release */,
			);
			defaultConfigurationIsVisible = 0;
			defaultConfigurationName = Release;
		};
		D47183911958980200B6F360 /* Build configuration list for PBXNativeTarget "SampleAppTests" */ = {
			isa = XCConfigurationList;
			buildConfigurations = (
				D47183921958980200B6F360 /* Debug */,
				D47183931958980200B6F360 /* Release */,
			);
			defaultConfigurationIsVisible = 0;
			defaultConfigurationName = Release;
		};
/* End XCConfigurationList section */
	};
	rootObject = D471836A1958980100B6F360 /* Project object */;
}
